// !$*UTF8*$!
{
	archiveVersion = 1;
	classes = {
	};
	objectVersion = 56;
	objects = {

/* Begin PBXBuildFile section */
		2684CDD12A3A7D9A008D0DE4 /* AppDelegate.swift in Sources */ = {isa = PBXBuildFile; fileRef = 2684CDD02A3A7D9A008D0DE4 /* AppDelegate.swift */; };
		2684CDD32A3A7D9A008D0DE4 /* SceneDelegate.swift in Sources */ = {isa = PBXBuildFile; fileRef = 2684CDD22A3A7D9A008D0DE4 /* SceneDelegate.swift */; };
		2684CDD52A3A7D9A008D0DE4 /* BoardViewController.swift in Sources */ = {isa = PBXBuildFile; fileRef = 2684CDD42A3A7D9A008D0DE4 /* BoardViewController.swift */; };
		2684CDDA2A3A7D9C008D0DE4 /* Assets.xcassets in Resources */ = {isa = PBXBuildFile; fileRef = 2684CDD92A3A7D9C008D0DE4 /* Assets.xcassets */; };
		26B0E7ED2A3A927900696258 /* GithubRequest.swift in Sources */ = {isa = PBXBuildFile; fileRef = 26B0E7EB2A3A927800696258 /* GithubRequest.swift */; };
		26B0E7EE2A3A927900696258 /* RatingManager.swift in Sources */ = {isa = PBXBuildFile; fileRef = 26B0E7EC2A3A927900696258 /* RatingManager.swift */; };
		26B0E7F22A3A933C00696258 /* ProgressHUD.swift in Sources */ = {isa = PBXBuildFile; fileRef = 26B0E7EF2A3A933B00696258 /* ProgressHUD.swift */; };
		26B0E7F42A3A933C00696258 /* SAConfettiView.swift in Sources */ = {isa = PBXBuildFile; fileRef = 26B0E7F12A3A933B00696258 /* SAConfettiView.swift */; };
		26B0E7F62A3A98FE00696258 /* Secret.swift in Sources */ = {isa = PBXBuildFile; fileRef = 26B0E7F52A3A98FE00696258 /* Secret.swift */; };
		26B0E7FA2A3BBF8B00696258 /* ScoreKeeper.swift in Sources */ = {isa = PBXBuildFile; fileRef = 26B0E7F92A3BBF8B00696258 /* ScoreKeeper.swift */; };
		26B0E7FE2A3BC13700696258 /* BoardView.swift in Sources */ = {isa = PBXBuildFile; fileRef = 26B0E7FD2A3BC13700696258 /* BoardView.swift */; };
		26B0E8042A3FA6F900696258 /* AppInfo.swift in Sources */ = {isa = PBXBuildFile; fileRef = 26B0E8032A3FA6F900696258 /* AppInfo.swift */; };
		26B0E8062A40FEF600696258 /* InputValidator.swift in Sources */ = {isa = PBXBuildFile; fileRef = 26B0E8052A40FEF600696258 /* InputValidator.swift */; };
		26B0E8082A41009400696258 /* BaseAlertControllers.swift in Sources */ = {isa = PBXBuildFile; fileRef = 26B0E8072A41009400696258 /* BaseAlertControllers.swift */; };
		26D2DD602A43B4F7003DD578 /* LaunchScreen.storyboard in Resources */ = {isa = PBXBuildFile; fileRef = 26D2DD5F2A43B4F7003DD578 /* LaunchScreen.storyboard */; };
/* End PBXBuildFile section */

/* Begin PBXFileReference section */
		2684CDCD2A3A7D9A008D0DE4 /* Corn Score.app */ = {isa = PBXFileReference; explicitFileType = wrapper.application; includeInIndex = 0; path = "Corn Score.app"; sourceTree = BUILT_PRODUCTS_DIR; };
		2684CDD02A3A7D9A008D0DE4 /* AppDelegate.swift */ = {isa = PBXFileReference; lastKnownFileType = sourcecode.swift; path = AppDelegate.swift; sourceTree = "<group>"; };
		2684CDD22A3A7D9A008D0DE4 /* SceneDelegate.swift */ = {isa = PBXFileReference; lastKnownFileType = sourcecode.swift; path = SceneDelegate.swift; sourceTree = "<group>"; };
		2684CDD42A3A7D9A008D0DE4 /* BoardViewController.swift */ = {isa = PBXFileReference; lastKnownFileType = sourcecode.swift; path = BoardViewController.swift; sourceTree = "<group>"; };
		2684CDD92A3A7D9C008D0DE4 /* Assets.xcassets */ = {isa = PBXFileReference; lastKnownFileType = folder.assetcatalog; path = Assets.xcassets; sourceTree = "<group>"; };
		2684CDDE2A3A7D9C008D0DE4 /* Info.plist */ = {isa = PBXFileReference; lastKnownFileType = text.plist.xml; path = Info.plist; sourceTree = "<group>"; };
		26B0E7EB2A3A927800696258 /* GithubRequest.swift */ = {isa = PBXFileReference; lastKnownFileType = sourcecode.swift; path = GithubRequest.swift; sourceTree = "<group>"; };
		26B0E7EC2A3A927900696258 /* RatingManager.swift */ = {isa = PBXFileReference; lastKnownFileType = sourcecode.swift; path = RatingManager.swift; sourceTree = "<group>"; };
		26B0E7EF2A3A933B00696258 /* ProgressHUD.swift */ = {isa = PBXFileReference; lastKnownFileType = sourcecode.swift; path = ProgressHUD.swift; sourceTree = "<group>"; };
		26B0E7F12A3A933B00696258 /* SAConfettiView.swift */ = {isa = PBXFileReference; lastKnownFileType = sourcecode.swift; path = SAConfettiView.swift; sourceTree = "<group>"; };
		26B0E7F52A3A98FE00696258 /* Secret.swift */ = {isa = PBXFileReference; lastKnownFileType = sourcecode.swift; path = Secret.swift; sourceTree = "<group>"; };
		26B0E7F72A3B401100696258 /* README.md */ = {isa = PBXFileReference; fileEncoding = 4; lastKnownFileType = net.daringfireball.markdown; path = README.md; sourceTree = SOURCE_ROOT; };
		26B0E7F92A3BBF8B00696258 /* ScoreKeeper.swift */ = {isa = PBXFileReference; lastKnownFileType = sourcecode.swift; path = ScoreKeeper.swift; sourceTree = "<group>"; };
		26B0E7FD2A3BC13700696258 /* BoardView.swift */ = {isa = PBXFileReference; lastKnownFileType = sourcecode.swift; path = BoardView.swift; sourceTree = "<group>"; };
		26B0E7FF2A3CD58E00696258 /* PRIVACY_POLICY.md */ = {isa = PBXFileReference; fileEncoding = 4; lastKnownFileType = net.daringfireball.markdown; path = PRIVACY_POLICY.md; sourceTree = SOURCE_ROOT; };
		26B0E8012A3D146F00696258 /* Images */ = {isa = PBXFileReference; fileEncoding = 4; lastKnownFileType = folder; path = Images; sourceTree = SOURCE_ROOT; };
		26B0E8032A3FA6F900696258 /* AppInfo.swift */ = {isa = PBXFileReference; lastKnownFileType = sourcecode.swift; path = AppInfo.swift; sourceTree = "<group>"; };
		26B0E8052A40FEF600696258 /* InputValidator.swift */ = {isa = PBXFileReference; lastKnownFileType = sourcecode.swift; path = InputValidator.swift; sourceTree = "<group>"; };
		26B0E8072A41009400696258 /* BaseAlertControllers.swift */ = {isa = PBXFileReference; lastKnownFileType = sourcecode.swift; path = BaseAlertControllers.swift; sourceTree = "<group>"; };
		26B0E80E2A42733700696258 /* Screenshots */ = {isa = PBXFileReference; fileEncoding = 4; lastKnownFileType = folder; path = Screenshots; sourceTree = SOURCE_ROOT; };
		26D2DD5F2A43B4F7003DD578 /* LaunchScreen.storyboard */ = {isa = PBXFileReference; lastKnownFileType = file.storyboard; path = LaunchScreen.storyboard; sourceTree = "<group>"; };
/* End PBXFileReference section */

/* Begin PBXFrameworksBuildPhase section */
		2684CDCA2A3A7D9A008D0DE4 /* Frameworks */ = {
			isa = PBXFrameworksBuildPhase;
			buildActionMask = 2147483647;
			files = (
			);
			runOnlyForDeploymentPostprocessing = 0;
		};
/* End PBXFrameworksBuildPhase section */

/* Begin PBXGroup section */
		2684CDC42A3A7D9A008D0DE4 = {
			isa = PBXGroup;
			children = (
				2684CDCF2A3A7D9A008D0DE4 /* Corn Score */,
				2684CDCE2A3A7D9A008D0DE4 /* Products */,
			);
			sourceTree = "<group>";
		};
		2684CDCE2A3A7D9A008D0DE4 /* Products */ = {
			isa = PBXGroup;
			children = (
				2684CDCD2A3A7D9A008D0DE4 /* Corn Score.app */,
			);
			name = Products;
			sourceTree = "<group>";
		};
		2684CDCF2A3A7D9A008D0DE4 /* Corn Score */ = {
			isa = PBXGroup;
			children = (
				2684CDD92A3A7D9C008D0DE4 /* Assets.xcassets */,
				26B0E8012A3D146F00696258 /* Images */,
				2684CDDE2A3A7D9C008D0DE4 /* Info.plist */,
				26D2DD5F2A43B4F7003DD578 /* LaunchScreen.storyboard */,
				26B0E7FF2A3CD58E00696258 /* PRIVACY_POLICY.md */,
				26B0E7F72A3B401100696258 /* README.md */,
				26B0E80E2A42733700696258 /* Screenshots */,
				26B0E7FC2A3BC0CB00696258 /* Source */,
			);
			path = "Corn Score";
			sourceTree = "<group>";
		};
		2684CDE42A3A8D0A008D0DE4 /* Controller */ = {
			isa = PBXGroup;
			children = (
				26B0E8072A41009400696258 /* BaseAlertControllers.swift */,
				2684CDD42A3A7D9A008D0DE4 /* BoardViewController.swift */,
			);
			path = Controller;
			sourceTree = "<group>";
		};
		2684CDE52A3A8D1B008D0DE4 /* App */ = {
			isa = PBXGroup;
			children = (
				2684CDD02A3A7D9A008D0DE4 /* AppDelegate.swift */,
				2684CDD22A3A7D9A008D0DE4 /* SceneDelegate.swift */,
			);
			path = App;
			sourceTree = "<group>";
		};
		2684CDE62A3A8D35008D0DE4 /* Data */ = {
			isa = PBXGroup;
			children = (
				26B0E8032A3FA6F900696258 /* AppInfo.swift */,
				26B0E7EB2A3A927800696258 /* GithubRequest.swift */,
				26B0E8052A40FEF600696258 /* InputValidator.swift */,
				26B0E7EC2A3A927900696258 /* RatingManager.swift */,
				26B0E7F92A3BBF8B00696258 /* ScoreKeeper.swift */,
				26B0E7F52A3A98FE00696258 /* Secret.swift */,
			);
			path = Data;
			sourceTree = "<group>";
		};
		26B0E7FB2A3BC0B700696258 /* View */ = {
			isa = PBXGroup;
			children = (
				26B0E7FD2A3BC13700696258 /* BoardView.swift */,
			);
			path = View;
			sourceTree = "<group>";
		};
		26B0E7FC2A3BC0CB00696258 /* Source */ = {
			isa = PBXGroup;
			children = (
				2684CDE52A3A8D1B008D0DE4 /* App */,
				2684CDE42A3A8D0A008D0DE4 /* Controller */,
				2684CDE62A3A8D35008D0DE4 /* Data */,
				26B0E8092A4102E000696258 /* External */,
				26B0E7FB2A3BC0B700696258 /* View */,
			);
			path = Source;
			sourceTree = "<group>";
		};
		26B0E8092A4102E000696258 /* External */ = {
			isa = PBXGroup;
			children = (
				26B0E7EF2A3A933B00696258 /* ProgressHUD.swift */,
				26B0E7F12A3A933B00696258 /* SAConfettiView.swift */,
			);
			path = External;
			sourceTree = "<group>";
		};
/* End PBXGroup section */

/* Begin PBXNativeTarget section */
		2684CDCC2A3A7D9A008D0DE4 /* Corn Score */ = {
			isa = PBXNativeTarget;
			buildConfigurationList = 2684CDE12A3A7D9C008D0DE4 /* Build configuration list for PBXNativeTarget "Corn Score" */;
			buildPhases = (
				2684CDC92A3A7D9A008D0DE4 /* Sources */,
				2684CDCA2A3A7D9A008D0DE4 /* Frameworks */,
				2684CDCB2A3A7D9A008D0DE4 /* Resources */,
			);
			buildRules = (
			);
			dependencies = (
			);
			name = "Corn Score";
			productName = "Corn Score";
			productReference = 2684CDCD2A3A7D9A008D0DE4 /* Corn Score.app */;
			productType = "com.apple.product-type.application";
		};
/* End PBXNativeTarget section */

/* Begin PBXProject section */
		2684CDC52A3A7D9A008D0DE4 /* Project object */ = {
			isa = PBXProject;
			attributes = {
				BuildIndependentTargetsInParallel = 1;
				LastSwiftUpdateCheck = 1420;
				LastUpgradeCheck = 1420;
				TargetAttributes = {
					2684CDCC2A3A7D9A008D0DE4 = {
						CreatedOnToolsVersion = 14.2;
					};
				};
			};
			buildConfigurationList = 2684CDC82A3A7D9A008D0DE4 /* Build configuration list for PBXProject "Corn Score" */;
			compatibilityVersion = "Xcode 14.0";
			developmentRegion = en;
			hasScannedForEncodings = 0;
			knownRegions = (
				en,
				Base,
			);
			mainGroup = 2684CDC42A3A7D9A008D0DE4;
			productRefGroup = 2684CDCE2A3A7D9A008D0DE4 /* Products */;
			projectDirPath = "";
			projectRoot = "";
			targets = (
				2684CDCC2A3A7D9A008D0DE4 /* Corn Score */,
			);
		};
/* End PBXProject section */

/* Begin PBXResourcesBuildPhase section */
		2684CDCB2A3A7D9A008D0DE4 /* Resources */ = {
			isa = PBXResourcesBuildPhase;
			buildActionMask = 2147483647;
			files = (
				2684CDDA2A3A7D9C008D0DE4 /* Assets.xcassets in Resources */,
				26D2DD602A43B4F7003DD578 /* LaunchScreen.storyboard in Resources */,
			);
			runOnlyForDeploymentPostprocessing = 0;
		};
/* End PBXResourcesBuildPhase section */

/* Begin PBXSourcesBuildPhase section */
		2684CDC92A3A7D9A008D0DE4 /* Sources */ = {
			isa = PBXSourcesBuildPhase;
			buildActionMask = 2147483647;
			files = (
				26B0E7F22A3A933C00696258 /* ProgressHUD.swift in Sources */,
				26B0E7F42A3A933C00696258 /* SAConfettiView.swift in Sources */,
				26B0E7ED2A3A927900696258 /* GithubRequest.swift in Sources */,
				26B0E8042A3FA6F900696258 /* AppInfo.swift in Sources */,
				26B0E7FA2A3BBF8B00696258 /* ScoreKeeper.swift in Sources */,
				26B0E7EE2A3A927900696258 /* RatingManager.swift in Sources */,
				26B0E8062A40FEF600696258 /* InputValidator.swift in Sources */,
				2684CDD52A3A7D9A008D0DE4 /* BoardViewController.swift in Sources */,
				26B0E8082A41009400696258 /* BaseAlertControllers.swift in Sources */,
				2684CDD12A3A7D9A008D0DE4 /* AppDelegate.swift in Sources */,
				26B0E7FE2A3BC13700696258 /* BoardView.swift in Sources */,
				26B0E7F62A3A98FE00696258 /* Secret.swift in Sources */,
				2684CDD32A3A7D9A008D0DE4 /* SceneDelegate.swift in Sources */,
			);
			runOnlyForDeploymentPostprocessing = 0;
		};
/* End PBXSourcesBuildPhase section */

/* Begin XCBuildConfiguration section */
		2684CDDF2A3A7D9C008D0DE4 /* Debug */ = {
			isa = XCBuildConfiguration;
			buildSettings = {
				ALWAYS_SEARCH_USER_PATHS = NO;
				CLANG_ANALYZER_NONNULL = YES;
				CLANG_ANALYZER_NUMBER_OBJECT_CONVERSION = YES_AGGRESSIVE;
				CLANG_CXX_LANGUAGE_STANDARD = "gnu++20";
				CLANG_ENABLE_MODULES = YES;
				CLANG_ENABLE_OBJC_ARC = YES;
				CLANG_ENABLE_OBJC_WEAK = YES;
				CLANG_WARN_BLOCK_CAPTURE_AUTORELEASING = YES;
				CLANG_WARN_BOOL_CONVERSION = YES;
				CLANG_WARN_COMMA = YES;
				CLANG_WARN_CONSTANT_CONVERSION = YES;
				CLANG_WARN_DEPRECATED_OBJC_IMPLEMENTATIONS = YES;
				CLANG_WARN_DIRECT_OBJC_ISA_USAGE = YES_ERROR;
				CLANG_WARN_DOCUMENTATION_COMMENTS = YES;
				CLANG_WARN_EMPTY_BODY = YES;
				CLANG_WARN_ENUM_CONVERSION = YES;
				CLANG_WARN_INFINITE_RECURSION = YES;
				CLANG_WARN_INT_CONVERSION = YES;
				CLANG_WARN_NON_LITERAL_NULL_CONVERSION = YES;
				CLANG_WARN_OBJC_IMPLICIT_RETAIN_SELF = YES;
				CLANG_WARN_OBJC_LITERAL_CONVERSION = YES;
				CLANG_WARN_OBJC_ROOT_CLASS = YES_ERROR;
				CLANG_WARN_QUOTED_INCLUDE_IN_FRAMEWORK_HEADER = YES;
				CLANG_WARN_RANGE_LOOP_ANALYSIS = YES;
				CLANG_WARN_STRICT_PROTOTYPES = YES;
				CLANG_WARN_SUSPICIOUS_MOVE = YES;
				CLANG_WARN_UNGUARDED_AVAILABILITY = YES_AGGRESSIVE;
				CLANG_WARN_UNREACHABLE_CODE = YES;
				CLANG_WARN__DUPLICATE_METHOD_MATCH = YES;
				COPY_PHASE_STRIP = NO;
				DEBUG_INFORMATION_FORMAT = dwarf;
				ENABLE_STRICT_OBJC_MSGSEND = YES;
				ENABLE_TESTABILITY = YES;
				GCC_C_LANGUAGE_STANDARD = gnu11;
				GCC_DYNAMIC_NO_PIC = NO;
				GCC_NO_COMMON_BLOCKS = YES;
				GCC_OPTIMIZATION_LEVEL = 0;
				GCC_PREPROCESSOR_DEFINITIONS = (
					"DEBUG=1",
					"$(inherited)",
				);
				GCC_WARN_64_TO_32_BIT_CONVERSION = YES;
				GCC_WARN_ABOUT_RETURN_TYPE = YES_ERROR;
				GCC_WARN_UNDECLARED_SELECTOR = YES;
				GCC_WARN_UNINITIALIZED_AUTOS = YES_AGGRESSIVE;
				GCC_WARN_UNUSED_FUNCTION = YES;
				GCC_WARN_UNUSED_VARIABLE = YES;
				IPHONEOS_DEPLOYMENT_TARGET = 16.2;
				MTL_ENABLE_DEBUG_INFO = INCLUDE_SOURCE;
				MTL_FAST_MATH = YES;
				ONLY_ACTIVE_ARCH = YES;
				SDKROOT = iphoneos;
				SWIFT_ACTIVE_COMPILATION_CONDITIONS = DEBUG;
				SWIFT_OPTIMIZATION_LEVEL = "-Onone";
			};
			name = Debug;
		};
		2684CDE02A3A7D9C008D0DE4 /* Release */ = {
			isa = XCBuildConfiguration;
			buildSettings = {
				ALWAYS_SEARCH_USER_PATHS = NO;
				CLANG_ANALYZER_NONNULL = YES;
				CLANG_ANALYZER_NUMBER_OBJECT_CONVERSION = YES_AGGRESSIVE;
				CLANG_CXX_LANGUAGE_STANDARD = "gnu++20";
				CLANG_ENABLE_MODULES = YES;
				CLANG_ENABLE_OBJC_ARC = YES;
				CLANG_ENABLE_OBJC_WEAK = YES;
				CLANG_WARN_BLOCK_CAPTURE_AUTORELEASING = YES;
				CLANG_WARN_BOOL_CONVERSION = YES;
				CLANG_WARN_COMMA = YES;
				CLANG_WARN_CONSTANT_CONVERSION = YES;
				CLANG_WARN_DEPRECATED_OBJC_IMPLEMENTATIONS = YES;
				CLANG_WARN_DIRECT_OBJC_ISA_USAGE = YES_ERROR;
				CLANG_WARN_DOCUMENTATION_COMMENTS = YES;
				CLANG_WARN_EMPTY_BODY = YES;
				CLANG_WARN_ENUM_CONVERSION = YES;
				CLANG_WARN_INFINITE_RECURSION = YES;
				CLANG_WARN_INT_CONVERSION = YES;
				CLANG_WARN_NON_LITERAL_NULL_CONVERSION = YES;
				CLANG_WARN_OBJC_IMPLICIT_RETAIN_SELF = YES;
				CLANG_WARN_OBJC_LITERAL_CONVERSION = YES;
				CLANG_WARN_OBJC_ROOT_CLASS = YES_ERROR;
				CLANG_WARN_QUOTED_INCLUDE_IN_FRAMEWORK_HEADER = YES;
				CLANG_WARN_RANGE_LOOP_ANALYSIS = YES;
				CLANG_WARN_STRICT_PROTOTYPES = YES;
				CLANG_WARN_SUSPICIOUS_MOVE = YES;
				CLANG_WARN_UNGUARDED_AVAILABILITY = YES_AGGRESSIVE;
				CLANG_WARN_UNREACHABLE_CODE = YES;
				CLANG_WARN__DUPLICATE_METHOD_MATCH = YES;
				COPY_PHASE_STRIP = NO;
				DEBUG_INFORMATION_FORMAT = "dwarf-with-dsym";
				ENABLE_NS_ASSERTIONS = NO;
				ENABLE_STRICT_OBJC_MSGSEND = YES;
				GCC_C_LANGUAGE_STANDARD = gnu11;
				GCC_NO_COMMON_BLOCKS = YES;
				GCC_WARN_64_TO_32_BIT_CONVERSION = YES;
				GCC_WARN_ABOUT_RETURN_TYPE = YES_ERROR;
				GCC_WARN_UNDECLARED_SELECTOR = YES;
				GCC_WARN_UNINITIALIZED_AUTOS = YES_AGGRESSIVE;
				GCC_WARN_UNUSED_FUNCTION = YES;
				GCC_WARN_UNUSED_VARIABLE = YES;
				IPHONEOS_DEPLOYMENT_TARGET = 16.2;
				MTL_ENABLE_DEBUG_INFO = NO;
				MTL_FAST_MATH = YES;
				SDKROOT = iphoneos;
				SWIFT_COMPILATION_MODE = wholemodule;
				SWIFT_OPTIMIZATION_LEVEL = "-O";
				VALIDATE_PRODUCT = YES;
			};
			name = Release;
		};
		2684CDE22A3A7D9C008D0DE4 /* Debug */ = {
			isa = XCBuildConfiguration;
			buildSettings = {
				ASSETCATALOG_COMPILER_APPICON_NAME = AppIcon;
				ASSETCATALOG_COMPILER_GLOBAL_ACCENT_COLOR_NAME = AccentColor;
				CODE_SIGN_STYLE = Automatic;
				CURRENT_PROJECT_VERSION = 0;
				DEVELOPMENT_TEAM = 4U5LUB477B;
				GENERATE_INFOPLIST_FILE = YES;
				INFOPLIST_FILE = "Corn Score/Info.plist";
				INFOPLIST_KEY_CFBundleDisplayName = "Corn Score";
				INFOPLIST_KEY_LSApplicationCategoryType = "public.app-category.games";
				INFOPLIST_KEY_UIApplicationSupportsIndirectInputEvents = YES;
				INFOPLIST_KEY_UILaunchStoryboardName = LaunchScreen;
				INFOPLIST_KEY_UIMainStoryboardFile = "";
				INFOPLIST_KEY_UIRequiresFullScreen = NO;
				INFOPLIST_KEY_UISupportedInterfaceOrientations = "UIInterfaceOrientationLandscapeLeft UIInterfaceOrientationLandscapeRight UIInterfaceOrientationPortrait UIInterfaceOrientationPortraitUpsideDown";
				IPHONEOS_DEPLOYMENT_TARGET = 14.0;
				LD_RUNPATH_SEARCH_PATHS = (
					"$(inherited)",
					"@executable_path/Frameworks",
				);
				MARKETING_VERSION = 1.2;
				PRODUCT_BUNDLE_IDENTIFIER = com.cobo.cornscore;
				PRODUCT_NAME = "$(TARGET_NAME)";
				SWIFT_EMIT_LOC_STRINGS = YES;
				SWIFT_VERSION = 5.0;
				TARGETED_DEVICE_FAMILY = "1,2";
			};
			name = Debug;
		};
		2684CDE32A3A7D9C008D0DE4 /* Release */ = {
			isa = XCBuildConfiguration;
			buildSettings = {
				ASSETCATALOG_COMPILER_APPICON_NAME = AppIcon;
				ASSETCATALOG_COMPILER_GLOBAL_ACCENT_COLOR_NAME = AccentColor;
				CODE_SIGN_STYLE = Automatic;
				CURRENT_PROJECT_VERSION = 0;
				DEVELOPMENT_TEAM = 4U5LUB477B;
				GENERATE_INFOPLIST_FILE = YES;
				INFOPLIST_FILE = "Corn Score/Info.plist";
				INFOPLIST_KEY_CFBundleDisplayName = "Corn Score";
				INFOPLIST_KEY_LSApplicationCategoryType = "public.app-category.games";
				INFOPLIST_KEY_UIApplicationSupportsIndirectInputEvents = YES;
				INFOPLIST_KEY_UILaunchStoryboardName = LaunchScreen;
				INFOPLIST_KEY_UIMainStoryboardFile = "";
				INFOPLIST_KEY_UIRequiresFullScreen = NO;
				INFOPLIST_KEY_UISupportedInterfaceOrientations = "UIInterfaceOrientationLandscapeLeft UIInterfaceOrientationLandscapeRight UIInterfaceOrientationPortrait UIInterfaceOrientationPortraitUpsideDown";
				IPHONEOS_DEPLOYMENT_TARGET = 14.0;
				LD_RUNPATH_SEARCH_PATHS = (
					"$(inherited)",
					"@executable_path/Frameworks",
				);
				MARKETING_VERSION = 1.2;
				PRODUCT_BUNDLE_IDENTIFIER = com.cobo.cornscore;
				PRODUCT_NAME = "$(TARGET_NAME)";
				SWIFT_EMIT_LOC_STRINGS = YES;
				SWIFT_VERSION = 5.0;
				TARGETED_DEVICE_FAMILY = "1,2";
			};
			name = Release;
		};
/* End XCBuildConfiguration section */

/* Begin XCConfigurationList section */
		2684CDC82A3A7D9A008D0DE4 /* Build configuration list for PBXProject "Corn Score" */ = {
			isa = XCConfigurationList;
			buildConfigurations = (
				2684CDDF2A3A7D9C008D0DE4 /* Debug */,
				2684CDE02A3A7D9C008D0DE4 /* Release */,
			);
			defaultConfigurationIsVisible = 0;
			defaultConfigurationName = Release;
		};
		2684CDE12A3A7D9C008D0DE4 /* Build configuration list for PBXNativeTarget "Corn Score" */ = {
			isa = XCConfigurationList;
			buildConfigurations = (
				2684CDE22A3A7D9C008D0DE4 /* Debug */,
				2684CDE32A3A7D9C008D0DE4 /* Release */,
			);
			defaultConfigurationIsVisible = 0;
			defaultConfigurationName = Release;
		};
/* End XCConfigurationList section */
	};
	rootObject = 2684CDC52A3A7D9A008D0DE4 /* Project object */;
}
